// !$*UTF8*$!
{
	archiveVersion = 1;
	classes = {
	};
	objectVersion = 56;
	objects = {

/* Begin PBXBuildFile section */
		D9416F372A3FAAF600895EE9 /* SwiftUIEssentialsApp.swift in Sources */ = {isa = PBXBuildFile; fileRef = D9416F362A3FAAF600895EE9 /* SwiftUIEssentialsApp.swift */; };
		D9416F392A3FAAF600895EE9 /* ContentView.swift in Sources */ = {isa = PBXBuildFile; fileRef = D9416F382A3FAAF600895EE9 /* ContentView.swift */; };
		D9416F3B2A3FAAF800895EE9 /* Assets.xcassets in Resources */ = {isa = PBXBuildFile; fileRef = D9416F3A2A3FAAF800895EE9 /* Assets.xcassets */; };
		D9416F3E2A3FAAF800895EE9 /* Preview Assets.xcassets in Resources */ = {isa = PBXBuildFile; fileRef = D9416F3D2A3FAAF800895EE9 /* Preview Assets.xcassets */; };
		D9416F482A3FAAF800895EE9 /* SwiftUIEssentialsTests.swift in Sources */ = {isa = PBXBuildFile; fileRef = D9416F472A3FAAF800895EE9 /* SwiftUIEssentialsTests.swift */; };
		D9416F522A3FAAF800895EE9 /* SwiftUIEssentialsUITests.swift in Sources */ = {isa = PBXBuildFile; fileRef = D9416F512A3FAAF800895EE9 /* SwiftUIEssentialsUITests.swift */; };
		D9416F542A3FAAF800895EE9 /* SwiftUIEssentialsUITestsLaunchTests.swift in Sources */ = {isa = PBXBuildFile; fileRef = D9416F532A3FAAF800895EE9 /* SwiftUIEssentialsUITestsLaunchTests.swift */; };
/* End PBXBuildFile section */

/* Begin PBXContainerItemProxy section */
		D9416F442A3FAAF800895EE9 /* PBXContainerItemProxy */ = {
			isa = PBXContainerItemProxy;
			containerPortal = D9416F2B2A3FAAF600895EE9 /* Project object */;
			proxyType = 1;
			remoteGlobalIDString = D9416F322A3FAAF600895EE9;
			remoteInfo = SwiftUIEssentials;
		};
		D9416F4E2A3FAAF800895EE9 /* PBXContainerItemProxy */ = {
			isa = PBXContainerItemProxy;
			containerPortal = D9416F2B2A3FAAF600895EE9 /* Project object */;
			proxyType = 1;
			remoteGlobalIDString = D9416F322A3FAAF600895EE9;
			remoteInfo = SwiftUIEssentials;
		};
/* End PBXContainerItemProxy section */

/* Begin PBXFileReference section */
		D9416F332A3FAAF600895EE9 /* SwiftUIEssentials.app */ = {isa = PBXFileReference; explicitFileType = wrapper.application; includeInIndex = 0; path = SwiftUIEssentials.app; sourceTree = BUILT_PRODUCTS_DIR; };
		D9416F362A3FAAF600895EE9 /* SwiftUIEssentialsApp.swift */ = {isa = PBXFileReference; lastKnownFileType = sourcecode.swift; path = SwiftUIEssentialsApp.swift; sourceTree = "<group>"; };
		D9416F382A3FAAF600895EE9 /* ContentView.swift */ = {isa = PBXFileReference; lastKnownFileType = sourcecode.swift; path = ContentView.swift; sourceTree = "<group>"; };
		D9416F3A2A3FAAF800895EE9 /* Assets.xcassets */ = {isa = PBXFileReference; lastKnownFileType = folder.assetcatalog; path = Assets.xcassets; sourceTree = "<group>"; };
		D9416F3D2A3FAAF800895EE9 /* Preview Assets.xcassets */ = {isa = PBXFileReference; lastKnownFileType = folder.assetcatalog; path = "Preview Assets.xcassets"; sourceTree = "<group>"; };
		D9416F432A3FAAF800895EE9 /* SwiftUIEssentialsTests.xctest */ = {isa = PBXFileReference; explicitFileType = wrapper.cfbundle; includeInIndex = 0; path = SwiftUIEssentialsTests.xctest; sourceTree = BUILT_PRODUCTS_DIR; };
		D9416F472A3FAAF800895EE9 /* SwiftUIEssentialsTests.swift */ = {isa = PBXFileReference; lastKnownFileType = sourcecode.swift; path = SwiftUIEssentialsTests.swift; sourceTree = "<group>"; };
		D9416F4D2A3FAAF800895EE9 /* SwiftUIEssentialsUITests.xctest */ = {isa = PBXFileReference; explicitFileType = wrapper.cfbundle; includeInIndex = 0; path = SwiftUIEssentialsUITests.xctest; sourceTree = BUILT_PRODUCTS_DIR; };
		D9416F512A3FAAF800895EE9 /* SwiftUIEssentialsUITests.swift */ = {isa = PBXFileReference; lastKnownFileType = sourcecode.swift; path = SwiftUIEssentialsUITests.swift; sourceTree = "<group>"; };
		D9416F532A3FAAF800895EE9 /* SwiftUIEssentialsUITestsLaunchTests.swift */ = {isa = PBXFileReference; lastKnownFileType = sourcecode.swift; path = SwiftUIEssentialsUITestsLaunchTests.swift; sourceTree = "<group>"; };
/* End PBXFileReference section */

/* Begin PBXFrameworksBuildPhase section */
		D9416F302A3FAAF600895EE9 /* Frameworks */ = {
			isa = PBXFrameworksBuildPhase;
			buildActionMask = 2147483647;
			files = (
			);
			runOnlyForDeploymentPostprocessing = 0;
		};
		D9416F402A3FAAF800895EE9 /* Frameworks */ = {
			isa = PBXFrameworksBuildPhase;
			buildActionMask = 2147483647;
			files = (
			);
			runOnlyForDeploymentPostprocessing = 0;
		};
		D9416F4A2A3FAAF800895EE9 /* Frameworks */ = {
			isa = PBXFrameworksBuildPhase;
			buildActionMask = 2147483647;
			files = (
			);
			runOnlyForDeploymentPostprocessing = 0;
		};
/* End PBXFrameworksBuildPhase section */

/* Begin PBXGroup section */
		D9416F2A2A3FAAF600895EE9 = {
			isa = PBXGroup;
			children = (
				D9416F352A3FAAF600895EE9 /* SwiftUIEssentials */,
				D9416F462A3FAAF800895EE9 /* SwiftUIEssentialsTests */,
				D9416F502A3FAAF800895EE9 /* SwiftUIEssentialsUITests */,
				D9416F342A3FAAF600895EE9 /* Products */,
			);
			sourceTree = "<group>";
		};
		D9416F342A3FAAF600895EE9 /* Products */ = {
			isa = PBXGroup;
			children = (
				D9416F332A3FAAF600895EE9 /* SwiftUIEssentials.app */,
				D9416F432A3FAAF800895EE9 /* SwiftUIEssentialsTests.xctest */,
				D9416F4D2A3FAAF800895EE9 /* SwiftUIEssentialsUITests.xctest */,
			);
			name = Products;
			sourceTree = "<group>";
		};
		D9416F352A3FAAF600895EE9 /* SwiftUIEssentials */ = {
			isa = PBXGroup;
			children = (
				D9416F362A3FAAF600895EE9 /* SwiftUIEssentialsApp.swift */,
				D9416F382A3FAAF600895EE9 /* ContentView.swift */,
				D9416F3A2A3FAAF800895EE9 /* Assets.xcassets */,
				D9416F3C2A3FAAF800895EE9 /* Preview Content */,
			);
			path = SwiftUIEssentials;
			sourceTree = "<group>";
		};
		D9416F3C2A3FAAF800895EE9 /* Preview Content */ = {
			isa = PBXGroup;
			children = (
				D9416F3D2A3FAAF800895EE9 /* Preview Assets.xcassets */,
			);
			path = "Preview Content";
			sourceTree = "<group>";
		};
		D9416F462A3FAAF800895EE9 /* SwiftUIEssentialsTests */ = {
			isa = PBXGroup;
			children = (
				D9416F472A3FAAF800895EE9 /* SwiftUIEssentialsTests.swift */,
			);
			path = SwiftUIEssentialsTests;
			sourceTree = "<group>";
		};
		D9416F502A3FAAF800895EE9 /* SwiftUIEssentialsUITests */ = {
			isa = PBXGroup;
			children = (
				D9416F512A3FAAF800895EE9 /* SwiftUIEssentialsUITests.swift */,
				D9416F532A3FAAF800895EE9 /* SwiftUIEssentialsUITestsLaunchTests.swift */,
			);
			path = SwiftUIEssentialsUITests;
			sourceTree = "<group>";
		};
/* End PBXGroup section */

/* Begin PBXNativeTarget section */
		D9416F322A3FAAF600895EE9 /* SwiftUIEssentials */ = {
			isa = PBXNativeTarget;
			buildConfigurationList = D9416F572A3FAAF800895EE9 /* Build configuration list for PBXNativeTarget "SwiftUIEssentials" */;
			buildPhases = (
				D9416F2F2A3FAAF600895EE9 /* Sources */,
				D9416F302A3FAAF600895EE9 /* Frameworks */,
				D9416F312A3FAAF600895EE9 /* Resources */,
			);
			buildRules = (
			);
			dependencies = (
			);
			name = SwiftUIEssentials;
			productName = SwiftUIEssentials;
			productReference = D9416F332A3FAAF600895EE9 /* SwiftUIEssentials.app */;
			productType = "com.apple.product-type.application";
		};
		D9416F422A3FAAF800895EE9 /* SwiftUIEssentialsTests */ = {
			isa = PBXNativeTarget;
			buildConfigurationList = D9416F5A2A3FAAF800895EE9 /* Build configuration list for PBXNativeTarget "SwiftUIEssentialsTests" */;
			buildPhases = (
				D9416F3F2A3FAAF800895EE9 /* Sources */,
				D9416F402A3FAAF800895EE9 /* Frameworks */,
				D9416F412A3FAAF800895EE9 /* Resources */,
			);
			buildRules = (
			);
			dependencies = (
				D9416F452A3FAAF800895EE9 /* PBXTargetDependency */,
			);
			name = SwiftUIEssentialsTests;
			productName = SwiftUIEssentialsTests;
			productReference = D9416F432A3FAAF800895EE9 /* SwiftUIEssentialsTests.xctest */;
			productType = "com.apple.product-type.bundle.unit-test";
		};
		D9416F4C2A3FAAF800895EE9 /* SwiftUIEssentialsUITests */ = {
			isa = PBXNativeTarget;
			buildConfigurationList = D9416F5D2A3FAAF800895EE9 /* Build configuration list for PBXNativeTarget "SwiftUIEssentialsUITests" */;
			buildPhases = (
				D9416F492A3FAAF800895EE9 /* Sources */,
				D9416F4A2A3FAAF800895EE9 /* Frameworks */,
				D9416F4B2A3FAAF800895EE9 /* Resources */,
			);
			buildRules = (
			);
			dependencies = (
				D9416F4F2A3FAAF800895EE9 /* PBXTargetDependency */,
			);
			name = SwiftUIEssentialsUITests;
			productName = SwiftUIEssentialsUITests;
			productReference = D9416F4D2A3FAAF800895EE9 /* SwiftUIEssentialsUITests.xctest */;
			productType = "com.apple.product-type.bundle.ui-testing";
		};
/* End PBXNativeTarget section */

/* Begin PBXProject section */
		D9416F2B2A3FAAF600895EE9 /* Project object */ = {
			isa = PBXProject;
			attributes = {
				BuildIndependentTargetsInParallel = 1;
				LastSwiftUpdateCheck = 1500;
				LastUpgradeCheck = 1500;
				TargetAttributes = {
					D9416F322A3FAAF600895EE9 = {
						CreatedOnToolsVersion = 15.0;
					};
					D9416F422A3FAAF800895EE9 = {
						CreatedOnToolsVersion = 15.0;
						TestTargetID = D9416F322A3FAAF600895EE9;
					};
					D9416F4C2A3FAAF800895EE9 = {
						CreatedOnToolsVersion = 15.0;
						TestTargetID = D9416F322A3FAAF600895EE9;
					};
				};
			};
			buildConfigurationList = D9416F2E2A3FAAF600895EE9 /* Build configuration list for PBXProject "SwiftUIEssentials" */;
			compatibilityVersion = "Xcode 14.0";
			developmentRegion = en;
			hasScannedForEncodings = 0;
			knownRegions = (
				en,
				Base,
			);
			mainGroup = D9416F2A2A3FAAF600895EE9;
			productRefGroup = D9416F342A3FAAF600895EE9 /* Products */;
			projectDirPath = "";
			projectRoot = "";
			targets = (
				D9416F322A3FAAF600895EE9 /* SwiftUIEssentials */,
				D9416F422A3FAAF800895EE9 /* SwiftUIEssentialsTests */,
				D9416F4C2A3FAAF800895EE9 /* SwiftUIEssentialsUITests */,
			);
		};
/* End PBXProject section */

/* Begin PBXResourcesBuildPhase section */
		D9416F312A3FAAF600895EE9 /* Resources */ = {
			isa = PBXResourcesBuildPhase;
			buildActionMask = 2147483647;
			files = (
				D9416F3E2A3FAAF800895EE9 /* Preview Assets.xcassets in Resources */,
				D9416F3B2A3FAAF800895EE9 /* Assets.xcassets in Resources */,
			);
			runOnlyForDeploymentPostprocessing = 0;
		};
		D9416F412A3FAAF800895EE9 /* Resources */ = {
			isa = PBXResourcesBuildPhase;
			buildActionMask = 2147483647;
			files = (
			);
			runOnlyForDeploymentPostprocessing = 0;
		};
		D9416F4B2A3FAAF800895EE9 /* Resources */ = {
			isa = PBXResourcesBuildPhase;
			buildActionMask = 2147483647;
			files = (
			);
			runOnlyForDeploymentPostprocessing = 0;
		};
/* End PBXResourcesBuildPhase section */

/* Begin PBXSourcesBuildPhase section */
		D9416F2F2A3FAAF600895EE9 /* Sources */ = {
			isa = PBXSourcesBuildPhase;
			buildActionMask = 2147483647;
			files = (
				D9416F392A3FAAF600895EE9 /* ContentView.swift in Sources */,
				D9416F372A3FAAF600895EE9 /* SwiftUIEssentialsApp.swift in Sources */,
			);
			runOnlyForDeploymentPostprocessing = 0;
		};
		D9416F3F2A3FAAF800895EE9 /* Sources */ = {
			isa = PBXSourcesBuildPhase;
			buildActionMask = 2147483647;
			files = (
				D9416F482A3FAAF800895EE9 /* SwiftUIEssentialsTests.swift in Sources */,
			);
			runOnlyForDeploymentPostprocessing = 0;
		};
		D9416F492A3FAAF800895EE9 /* Sources */ = {
			isa = PBXSourcesBuildPhase;
			buildActionMask = 2147483647;
			files = (
				D9416F522A3FAAF800895EE9 /* SwiftUIEssentialsUITests.swift in Sources */,
				D9416F542A3FAAF800895EE9 /* SwiftUIEssentialsUITestsLaunchTests.swift in Sources */,
			);
			runOnlyForDeploymentPostprocessing = 0;
		};
/* End PBXSourcesBuildPhase section */

/* Begin PBXTargetDependency section */
		D9416F452A3FAAF800895EE9 /* PBXTargetDependency */ = {
			isa = PBXTargetDependency;
			target = D9416F322A3FAAF600895EE9 /* SwiftUIEssentials */;
			targetProxy = D9416F442A3FAAF800895EE9 /* PBXContainerItemProxy */;
		};
		D9416F4F2A3FAAF800895EE9 /* PBXTargetDependency */ = {
			isa = PBXTargetDependency;
			target = D9416F322A3FAAF600895EE9 /* SwiftUIEssentials */;
			targetProxy = D9416F4E2A3FAAF800895EE9 /* PBXContainerItemProxy */;
		};
/* End PBXTargetDependency section */

/* Begin XCBuildConfiguration section */
		D9416F552A3FAAF800895EE9 /* Debug */ = {
			isa = XCBuildConfiguration;
			buildSettings = {
				ALWAYS_SEARCH_USER_PATHS = NO;
				ASSETCATALOG_COMPILER_GENERATE_SWIFT_ASSET_SYMBOL_EXTENSIONS = YES;
				CLANG_ANALYZER_NONNULL = YES;
				CLANG_ANALYZER_NUMBER_OBJECT_CONVERSION = YES_AGGRESSIVE;
				CLANG_CXX_LANGUAGE_STANDARD = "gnu++20";
				CLANG_ENABLE_MODULES = YES;
				CLANG_ENABLE_OBJC_ARC = YES;
				CLANG_ENABLE_OBJC_WEAK = YES;
				CLANG_WARN_BLOCK_CAPTURE_AUTORELEASING = YES;
				CLANG_WARN_BOOL_CONVERSION = YES;
				CLANG_WARN_COMMA = YES;
				CLANG_WARN_CONSTANT_CONVERSION = YES;
				CLANG_WARN_DEPRECATED_OBJC_IMPLEMENTATIONS = YES;
				CLANG_WARN_DIRECT_OBJC_ISA_USAGE = YES_ERROR;
				CLANG_WARN_DOCUMENTATION_COMMENTS = YES;
				CLANG_WARN_EMPTY_BODY = YES;
				CLANG_WARN_ENUM_CONVERSION = YES;
				CLANG_WARN_INFINITE_RECURSION = YES;
				CLANG_WARN_INT_CONVERSION = YES;
				CLANG_WARN_NON_LITERAL_NULL_CONVERSION = YES;
				CLANG_WARN_OBJC_IMPLICIT_RETAIN_SELF = YES;
				CLANG_WARN_OBJC_LITERAL_CONVERSION = YES;
				CLANG_WARN_OBJC_ROOT_CLASS = YES_ERROR;
				CLANG_WARN_QUOTED_INCLUDE_IN_FRAMEWORK_HEADER = YES;
				CLANG_WARN_RANGE_LOOP_ANALYSIS = YES;
				CLANG_WARN_STRICT_PROTOTYPES = YES;
				CLANG_WARN_SUSPICIOUS_MOVE = YES;
				CLANG_WARN_UNGUARDED_AVAILABILITY = YES_AGGRESSIVE;
				CLANG_WARN_UNREACHABLE_CODE = YES;
				CLANG_WARN__DUPLICATE_METHOD_MATCH = YES;
				COPY_PHASE_STRIP = NO;
				DEBUG_INFORMATION_FORMAT = dwarf;
				ENABLE_STRICT_OBJC_MSGSEND = YES;
				ENABLE_TESTABILITY = YES;
				ENABLE_USER_SCRIPT_SANDBOXING = YES;
				GCC_C_LANGUAGE_STANDARD = gnu17;
				GCC_DYNAMIC_NO_PIC = NO;
				GCC_NO_COMMON_BLOCKS = YES;
				GCC_OPTIMIZATION_LEVEL = 0;
				GCC_PREPROCESSOR_DEFINITIONS = (
					"DEBUG=1",
					"$(inherited)",
				);
				GCC_WARN_64_TO_32_BIT_CONVERSION = YES;
				GCC_WARN_ABOUT_RETURN_TYPE = YES_ERROR;
				GCC_WARN_UNDECLARED_SELECTOR = YES;
				GCC_WARN_UNINITIALIZED_AUTOS = YES_AGGRESSIVE;
				GCC_WARN_UNUSED_FUNCTION = YES;
				GCC_WARN_UNUSED_VARIABLE = YES;
				IPHONEOS_DEPLOYMENT_TARGET = 17.0;
				LOCALIZATION_PREFERS_STRING_CATALOGS = YES;
				MTL_ENABLE_DEBUG_INFO = INCLUDE_SOURCE;
				MTL_FAST_MATH = YES;
				ONLY_ACTIVE_ARCH = YES;
				SDKROOT = iphoneos;
				SWIFT_ACTIVE_COMPILATION_CONDITIONS = "DEBUG $(inherited)";
				SWIFT_OPTIMIZATION_LEVEL = "-Onone";
			};
			name = Debug;
		};
		D9416F562A3FAAF800895EE9 /* Release */ = {
			isa = XCBuildConfiguration;
			buildSettings = {
				ALWAYS_SEARCH_USER_PATHS = NO;
				ASSETCATALOG_COMPILER_GENERATE_SWIFT_ASSET_SYMBOL_EXTENSIONS = YES;
				CLANG_ANALYZER_NONNULL = YES;
				CLANG_ANALYZER_NUMBER_OBJECT_CONVERSION = YES_AGGRESSIVE;
				CLANG_CXX_LANGUAGE_STANDARD = "gnu++20";
				CLANG_ENABLE_MODULES = YES;
				CLANG_ENABLE_OBJC_ARC = YES;
				CLANG_ENABLE_OBJC_WEAK = YES;
				CLANG_WARN_BLOCK_CAPTURE_AUTORELEASING = YES;
				CLANG_WARN_BOOL_CONVERSION = YES;
				CLANG_WARN_COMMA = YES;
				CLANG_WARN_CONSTANT_CONVERSION = YES;
				CLANG_WARN_DEPRECATED_OBJC_IMPLEMENTATIONS = YES;
				CLANG_WARN_DIRECT_OBJC_ISA_USAGE = YES_ERROR;
				CLANG_WARN_DOCUMENTATION_COMMENTS = YES;
				CLANG_WARN_EMPTY_BODY = YES;
				CLANG_WARN_ENUM_CONVERSION = YES;
				CLANG_WARN_INFINITE_RECURSION = YES;
				CLANG_WARN_INT_CONVERSION = YES;
				CLANG_WARN_NON_LITERAL_NULL_CONVERSION = YES;
				CLANG_WARN_OBJC_IMPLICIT_RETAIN_SELF = YES;
				CLANG_WARN_OBJC_LITERAL_CONVERSION = YES;
				CLANG_WARN_OBJC_ROOT_CLASS = YES_ERROR;
				CLANG_WARN_QUOTED_INCLUDE_IN_FRAMEWORK_HEADER = YES;
				CLANG_WARN_RANGE_LOOP_ANALYSIS = YES;
				CLANG_WARN_STRICT_PROTOTYPES = YES;
				CLANG_WARN_SUSPICIOUS_MOVE = YES;
				CLANG_WARN_UNGUARDED_AVAILABILITY = YES_AGGRESSIVE;
				CLANG_WARN_UNREACHABLE_CODE = YES;
				CLANG_WARN__DUPLICATE_METHOD_MATCH = YES;
				COPY_PHASE_STRIP = NO;
				DEBUG_INFORMATION_FORMAT = "dwarf-with-dsym";
				ENABLE_NS_ASSERTIONS = NO;
				ENABLE_STRICT_OBJC_MSGSEND = YES;
				ENABLE_USER_SCRIPT_SANDBOXING = YES;
				GCC_C_LANGUAGE_STANDARD = gnu17;
				GCC_NO_COMMON_BLOCKS = YES;
				GCC_WARN_64_TO_32_BIT_CONVERSION = YES;
				GCC_WARN_ABOUT_RETURN_TYPE = YES_ERROR;
				GCC_WARN_UNDECLARED_SELECTOR = YES;
				GCC_WARN_UNINITIALIZED_AUTOS = YES_AGGRESSIVE;
				GCC_WARN_UNUSED_FUNCTION = YES;
				GCC_WARN_UNUSED_VARIABLE = YES;
				IPHONEOS_DEPLOYMENT_TARGET = 17.0;
				LOCALIZATION_PREFERS_STRING_CATALOGS = YES;
				MTL_ENABLE_DEBUG_INFO = NO;
				MTL_FAST_MATH = YES;
				SDKROOT = iphoneos;
				SWIFT_COMPILATION_MODE = wholemodule;
				VALIDATE_PRODUCT = YES;
			};
			name = Release;
		};
		D9416F582A3FAAF800895EE9 /* Debug */ = {
			isa = XCBuildConfiguration;
			buildSettings = {
				ASSETCATALOG_COMPILER_APPICON_NAME = AppIcon;
				ASSETCATALOG_COMPILER_GLOBAL_ACCENT_COLOR_NAME = AccentColor;
				CODE_SIGN_STYLE = Automatic;
				CURRENT_PROJECT_VERSION = 1;
				DEVELOPMENT_ASSET_PATHS = "\"SwiftUIEssentials/Preview Content\"";
				DEVELOPMENT_TEAM = S8U5C9WC7P;
				ENABLE_PREVIEWS = YES;
				GENERATE_INFOPLIST_FILE = YES;
				INFOPLIST_KEY_UIApplicationSceneManifest_Generation = YES;
				INFOPLIST_KEY_UIApplicationSupportsIndirectInputEvents = YES;
				INFOPLIST_KEY_UILaunchScreen_Generation = YES;
				INFOPLIST_KEY_UISupportedInterfaceOrientations_iPad = "UIInterfaceOrientationPortrait UIInterfaceOrientationPortraitUpsideDown UIInterfaceOrientationLandscapeLeft UIInterfaceOrientationLandscapeRight";
				INFOPLIST_KEY_UISupportedInterfaceOrientations_iPhone = "UIInterfaceOrientationPortrait UIInterfaceOrientationLandscapeLeft UIInterfaceOrientationLandscapeRight";
				LD_RUNPATH_SEARCH_PATHS = (
					"$(inherited)",
					"@executable_path/Frameworks",
				);
				MARKETING_VERSION = 1.0;
				PRODUCT_BUNDLE_IDENTIFIER = com.SwiftUIEssentials;
				PRODUCT_NAME = "$(TARGET_NAME)";
				SWIFT_EMIT_LOC_STRINGS = YES;
				SWIFT_VERSION = 5.0;
				TARGETED_DEVICE_FAMILY = "1,2";
			};
			name = Debug;
		};
		D9416F592A3FAAF800895EE9 /* Release */ = {
			isa = XCBuildConfiguration;
			buildSettings = {
				ASSETCATALOG_COMPILER_APPICON_NAME = AppIcon;
				ASSETCATALOG_COMPILER_GLOBAL_ACCENT_COLOR_NAME = AccentColor;
				CODE_SIGN_STYLE = Automatic;
				CURRENT_PROJECT_VERSION = 1;
				DEVELOPMENT_ASSET_PATHS = "\"SwiftUIEssentials/Preview Content\"";
				DEVELOPMENT_TEAM = S8U5C9WC7P;
				ENABLE_PREVIEWS = YES;
				GENERATE_INFOPLIST_FILE = YES;
				INFOPLIST_KEY_UIApplicationSceneManifest_Generation = YES;
				INFOPLIST_KEY_UIApplicationSupportsIndirectInputEvents = YES;
				INFOPLIST_KEY_UILaunchScreen_Generation = YES;
				INFOPLIST_KEY_UISupportedInterfaceOrientations_iPad = "UIInterfaceOrientationPortrait UIInterfaceOrientationPortraitUpsideDown UIInterfaceOrientationLandscapeLeft UIInterfaceOrientationLandscapeRight";
				INFOPLIST_KEY_UISupportedInterfaceOrientations_iPhone = "UIInterfaceOrientationPortrait UIInterfaceOrientationLandscapeLeft UIInterfaceOrientationLandscapeRight";
				LD_RUNPATH_SEARCH_PATHS = (
					"$(inherited)",
					"@executable_path/Frameworks",
				);
				MARKETING_VERSION = 1.0;
				PRODUCT_BUNDLE_IDENTIFIER = com.SwiftUIEssentials;
				PRODUCT_NAME = "$(TARGET_NAME)";
				SWIFT_EMIT_LOC_STRINGS = YES;
				SWIFT_VERSION = 5.0;
				TARGETED_DEVICE_FAMILY = "1,2";
			};
			name = Release;
		};
		D9416F5B2A3FAAF800895EE9 /* Debug */ = {
			isa = XCBuildConfiguration;
			buildSettings = {
				ALWAYS_EMBED_SWIFT_STANDARD_LIBRARIES = YES;
				BUNDLE_LOADER = "$(TEST_HOST)";
				CODE_SIGN_STYLE = Automatic;
				CURRENT_PROJECT_VERSION = 1;
				DEVELOPMENT_TEAM = S8U5C9WC7P;
				GENERATE_INFOPLIST_FILE = YES;
				IPHONEOS_DEPLOYMENT_TARGET = 17.0;
				MARKETING_VERSION = 1.0;
				PRODUCT_BUNDLE_IDENTIFIER = com.SwiftUIEssentialsTests;
				PRODUCT_NAME = "$(TARGET_NAME)";
				SWIFT_EMIT_LOC_STRINGS = NO;
				SWIFT_VERSION = 5.0;
				TARGETED_DEVICE_FAMILY = "1,2";
				TEST_HOST = "$(BUILT_PRODUCTS_DIR)/SwiftUIEssentials.app/$(BUNDLE_EXECUTABLE_FOLDER_PATH)/SwiftUIEssentials";
			};
			name = Debug;
		};
		D9416F5C2A3FAAF800895EE9 /* Release */ = {
			isa = XCBuildConfiguration;
			buildSettings = {
				ALWAYS_EMBED_SWIFT_STANDARD_LIBRARIES = YES;
				BUNDLE_LOADER = "$(TEST_HOST)";
				CODE_SIGN_STYLE = Automatic;
				CURRENT_PROJECT_VERSION = 1;
				DEVELOPMENT_TEAM = S8U5C9WC7P;
				GENERATE_INFOPLIST_FILE = YES;
				IPHONEOS_DEPLOYMENT_TARGET = 17.0;
				MARKETING_VERSION = 1.0;
				PRODUCT_BUNDLE_IDENTIFIER = com.SwiftUIEssentialsTests;
				PRODUCT_NAME = "$(TARGET_NAME)";
				SWIFT_EMIT_LOC_STRINGS = NO;
				SWIFT_VERSION = 5.0;
				TARGETED_DEVICE_FAMILY = "1,2";
				TEST_HOST = "$(BUILT_PRODUCTS_DIR)/SwiftUIEssentials.app/$(BUNDLE_EXECUTABLE_FOLDER_PATH)/SwiftUIEssentials";
			};
			name = Release;
		};
		D9416F5E2A3FAAF800895EE9 /* Debug */ = {
			isa = XCBuildConfiguration;
			buildSettings = {
				ALWAYS_EMBED_SWIFT_STANDARD_LIBRARIES = YES;
				CODE_SIGN_STYLE = Automatic;
				CURRENT_PROJECT_VERSION = 1;
				DEVELOPMENT_TEAM = S8U5C9WC7P;
				GENERATE_INFOPLIST_FILE = YES;
				MARKETING_VERSION = 1.0;
				PRODUCT_BUNDLE_IDENTIFIER = com.SwiftUIEssentialsUITests;
				PRODUCT_NAME = "$(TARGET_NAME)";
				SWIFT_EMIT_LOC_STRINGS = NO;
				SWIFT_VERSION = 5.0;
				TARGETED_DEVICE_FAMILY = "1,2";
				TEST_TARGET_NAME = SwiftUIEssentials;
			};
			name = Debug;
		};
		D9416F5F2A3FAAF800895EE9 /* Release */ = {
			isa = XCBuildConfiguration;
			buildSettings = {
				ALWAYS_EMBED_SWIFT_STANDARD_LIBRARIES = YES;
				CODE_SIGN_STYLE = Automatic;
				CURRENT_PROJECT_VERSION = 1;
				DEVELOPMENT_TEAM = S8U5C9WC7P;
				GENERATE_INFOPLIST_FILE = YES;
				MARKETING_VERSION = 1.0;
				PRODUCT_BUNDLE_IDENTIFIER = com.SwiftUIEssentialsUITests;
				PRODUCT_NAME = "$(TARGET_NAME)";
				SWIFT_EMIT_LOC_STRINGS = NO;
				SWIFT_VERSION = 5.0;
				TARGETED_DEVICE_FAMILY = "1,2";
				TEST_TARGET_NAME = SwiftUIEssentials;
			};
			name = Release;
		};
/* End XCBuildConfiguration section */

/* Begin XCConfigurationList section */
		D9416F2E2A3FAAF600895EE9 /* Build configuration list for PBXProject "SwiftUIEssentials" */ = {
			isa = XCConfigurationList;
			buildConfigurations = (
				D9416F552A3FAAF800895EE9 /* Debug */,
				D9416F562A3FAAF800895EE9 /* Release */,
			);
			defaultConfigurationIsVisible = 0;
			defaultConfigurationName = Release;
		};
		D9416F572A3FAAF800895EE9 /* Build configuration list for PBXNativeTarget "SwiftUIEssentials" */ = {
			isa = XCConfigurationList;
			buildConfigurations = (
				D9416F582A3FAAF800895EE9 /* Debug */,
				D9416F592A3FAAF800895EE9 /* Release */,
			);
			defaultConfigurationIsVisible = 0;
			defaultConfigurationName = Release;
		};
		D9416F5A2A3FAAF800895EE9 /* Build configuration list for PBXNativeTarget "SwiftUIEssentialsTests" */ = {
			isa = XCConfigurationList;
			buildConfigurations = (
				D9416F5B2A3FAAF800895EE9 /* Debug */,
				D9416F5C2A3FAAF800895EE9 /* Release */,
			);
			defaultConfigurationIsVisible = 0;
			defaultConfigurationName = Release;
		};
		D9416F5D2A3FAAF800895EE9 /* Build configuration list for PBXNativeTarget "SwiftUIEssentialsUITests" */ = {
			isa = XCConfigurationList;
			buildConfigurations = (
				D9416F5E2A3FAAF800895EE9 /* Debug */,
				D9416F5F2A3FAAF800895EE9 /* Release */,
			);
			defaultConfigurationIsVisible = 0;
			defaultConfigurationName = Release;
		};
/* End XCConfigurationList section */
	};
	rootObject = D9416F2B2A3FAAF600895EE9 /* Project object */;
}
